Microsoft Visual Studio Solution File, Format Version 12.00
# Visual Studio Version 16
VisualStudioVersion = 16.0.29025.244
MinimumVisualStudioVersion = 10.0.40219.1
Project("{8BC9CEB8-8B4A-11D0-8D11-00A0C91BC942}") = "BlackBone", "BlackBone.vcxproj", "{87FFE4FA-4F53-47C0-8328-E1BAD56A1845}"
EndProject
Global
	GlobalSection(SolutionConfigurationPlatforms) = preSolution
		Win10 Release|x64 = Win10 Release|x64
		Win7 Release|x64 = Win7 Release|x64
		Win8 Release|x64 = Win8 Release|x64
		Win8.1 Release|x64 = Win8.1 Release|x64
	EndGlobalSection
	GlobalSection(ProjectConfigurationPlatforms) = postSolution
		{87FFE4FA-4F53-47C0-8328-E1BAD56A1845}.Win10 Release|x64.ActiveCfg = Win10 Release|x64
		{87FFE4FA-4F53-47C0-8328-E1BAD56A1845}.Win10 Release|x64.Build.0 = Win10 Release|x64
		{87FFE4FA-4F53-47C0-8328-E1BAD56A1845}.Win10 Release|x64.Deploy.0 = Win10 Release|x64
		{87FFE4FA-4F53-47C0-8328-E1BAD56A1845}.Win7 Release|x64.ActiveCfg = Win7 Release|x64
		{87FFE4FA-4F53-47C0-8328-E1BAD56A1845}.Win7 Release|x64.Build.0 = Win7 Release|x64
		{87FFE4FA-4F53-47C0-8328-E1BAD56A1845}.Win7 Release|x64.Deploy.0 = Win7 Release|x64
		{87FFE4FA-4F53-47C0-8328-E1BAD56A1845}.Win8 Release|x64.ActiveCfg = Win8 Release|x64
		{87FFE4FA-4F53-47C0-8328-E1BAD56A1845}.Win8 Release|x64.Build.0 = Win8 Release|x64
		{87FFE4FA-4F53-47C0-8328-E1BAD56A1845}.Win8 Release|x64.Deploy.0 = Win8 Release|x64
		{87FFE4FA-4F53-47C0-8328-E1BAD56A1845}.Win8.1 Release|x64.ActiveCfg = Win8.1 Release|x64
		{87FFE4FA-4F53-47C0-8328-E1BAD56A1845}.Win8.1 Release|x64.Build.0 = Win8.1 Release|x64
		{87FFE4FA-4F53-47C0-8328-E1BAD56A1845}.Win8.1 Release|x64.Deploy.0 = Win8.1 Release|x64
	EndGlobalSection
	GlobalSection(SolutionProperties) = preSolution
		HideSolutionNode = FALSE
	EndGlobalSection
	GlobalSection(ExtensibilityGlobals) = postSolution
		SolutionGuid = {FD8C7326-3B8C-4417-B763-C2DF56595908}
	EndGlobalSection
EndGlobal
